// !$*UTF8*$!
{
	archiveVersion = 1;
	classes = {
	};
	objectVersion = 50;
	objects = {

/* Begin PBXBuildFile section */
		487501672B693B41A6DA71AD /* Pods_Keepmate.framework in Frameworks */ = {isa = PBXBuildFile; fileRef = E8B250FB8F4507C223B3A3E1 /* Pods_Keepmate.framework */; };
		523D5F4323E92D81005418D5 /* ProfileView.swift in Sources */ = {isa = PBXBuildFile; fileRef = 523D5F4223E92D81005418D5 /* ProfileView.swift */; };
		5259E25323F3B3F700260694 /* BWWalkthrough.storyboard in Resources */ = {isa = PBXBuildFile; fileRef = 5259E25223F3B3F700260694 /* BWWalkthrough.storyboard */; };
		5259E25C23F3B82000260694 /* Utilities.swift in Sources */ = {isa = PBXBuildFile; fileRef = 5259E25B23F3B82000260694 /* Utilities.swift */; };
		526090E223CF487D00ED0192 /* HomeView.swift in Sources */ = {isa = PBXBuildFile; fileRef = 526090E123CF487D00ED0192 /* HomeView.swift */; };
		5263E8F023D1687600866887 /* SettingsView.swift in Sources */ = {isa = PBXBuildFile; fileRef = 5263E8EF23D1687600866887 /* SettingsView.swift */; };
		5284B1FE23D021E000220660 /* HomeListView.swift in Sources */ = {isa = PBXBuildFile; fileRef = 5284B1FD23D021E000220660 /* HomeListView.swift */; };
		52A2548D23F4565D00652D7C /* BottomBarItem.swift in Sources */ = {isa = PBXBuildFile; fileRef = 52A2548A23F4565D00652D7C /* BottomBarItem.swift */; };
		52A2548E23F4565D00652D7C /* BottomBarItemView.swift in Sources */ = {isa = PBXBuildFile; fileRef = 52A2548B23F4565D00652D7C /* BottomBarItemView.swift */; };
		52A2548F23F4565D00652D7C /* BottomBar.swift in Sources */ = {isa = PBXBuildFile; fileRef = 52A2548C23F4565D00652D7C /* BottomBar.swift */; };
		52A8258223D156CC00AB8CCB /* TabBarHomeView.swift in Sources */ = {isa = PBXBuildFile; fileRef = 52A8258123D156CC00AB8CCB /* TabBarHomeView.swift */; };
		52B6C38123CCB0A5006B5104 /* AppDelegate.swift in Sources */ = {isa = PBXBuildFile; fileRef = 52B6C38023CCB0A5006B5104 /* AppDelegate.swift */; };
		52B6C38323CCB0A5006B5104 /* SceneDelegate.swift in Sources */ = {isa = PBXBuildFile; fileRef = 52B6C38223CCB0A5006B5104 /* SceneDelegate.swift */; };
		52B6C38523CCB0A5006B5104 /* ContentView.swift in Sources */ = {isa = PBXBuildFile; fileRef = 52B6C38423CCB0A5006B5104 /* ContentView.swift */; };
		52B6C38723CCB0A7006B5104 /* Assets.xcassets in Resources */ = {isa = PBXBuildFile; fileRef = 52B6C38623CCB0A7006B5104 /* Assets.xcassets */; };
		52B6C38D23CCB0A7006B5104 /* LaunchScreen.storyboard in Resources */ = {isa = PBXBuildFile; fileRef = 52B6C38B23CCB0A7006B5104 /* LaunchScreen.storyboard */; };
		52B6C39623CCB4C1006B5104 /* LoginView.swift in Sources */ = {isa = PBXBuildFile; fileRef = 52B6C39523CCB4C1006B5104 /* LoginView.swift */; };
		52B6C39823CDA788006B5104 /* RegisterView.swift in Sources */ = {isa = PBXBuildFile; fileRef = 52B6C39723CDA788006B5104 /* RegisterView.swift */; };
		52E157FC23E6E9C800A35113 /* Constant.swift in Sources */ = {isa = PBXBuildFile; fileRef = 52E157FB23E6E9C800A35113 /* Constant.swift */; };
		52E157FE23E6F52500A35113 /* MenuDetails.swift in Sources */ = {isa = PBXBuildFile; fileRef = 52E157FD23E6F52500A35113 /* MenuDetails.swift */; };
		52E38CE123D0730600CA7D56 /* BlurView.swift in Sources */ = {isa = PBXBuildFile; fileRef = 52E38CE023D0730600CA7D56 /* BlurView.swift */; };
		52E38CE323D0A80500CA7D56 /* UpdateListView.swift in Sources */ = {isa = PBXBuildFile; fileRef = 52E38CE223D0A80500CA7D56 /* UpdateListView.swift */; };
/* End PBXBuildFile section */

/* Begin PBXFileReference section */
		523D5F4223E92D81005418D5 /* ProfileView.swift */ = {isa = PBXFileReference; lastKnownFileType = sourcecode.swift; path = ProfileView.swift; sourceTree = "<group>"; };
		5259E24E23F3B31600260694 /* Keepmate-Bridging-Header.h */ = {isa = PBXFileReference; lastKnownFileType = sourcecode.c.h; path = "Keepmate-Bridging-Header.h"; sourceTree = "<group>"; };
		5259E25223F3B3F700260694 /* BWWalkthrough.storyboard */ = {isa = PBXFileReference; fileEncoding = 4; lastKnownFileType = file.storyboard; path = BWWalkthrough.storyboard; sourceTree = "<group>"; };
		5259E25B23F3B82000260694 /* Utilities.swift */ = {isa = PBXFileReference; lastKnownFileType = sourcecode.swift; path = Utilities.swift; sourceTree = "<group>"; };
		526090E123CF487D00ED0192 /* HomeView.swift */ = {isa = PBXFileReference; lastKnownFileType = sourcecode.swift; path = HomeView.swift; sourceTree = "<group>"; };
		5263E8EF23D1687600866887 /* SettingsView.swift */ = {isa = PBXFileReference; lastKnownFileType = sourcecode.swift; path = SettingsView.swift; sourceTree = "<group>"; };
		5284B1FD23D021E000220660 /* HomeListView.swift */ = {isa = PBXFileReference; lastKnownFileType = sourcecode.swift; path = HomeListView.swift; sourceTree = "<group>"; };
		52A2548A23F4565D00652D7C /* BottomBarItem.swift */ = {isa = PBXFileReference; fileEncoding = 4; lastKnownFileType = sourcecode.swift; path = BottomBarItem.swift; sourceTree = "<group>"; };
		52A2548B23F4565D00652D7C /* BottomBarItemView.swift */ = {isa = PBXFileReference; fileEncoding = 4; lastKnownFileType = sourcecode.swift; path = BottomBarItemView.swift; sourceTree = "<group>"; };
		52A2548C23F4565D00652D7C /* BottomBar.swift */ = {isa = PBXFileReference; fileEncoding = 4; lastKnownFileType = sourcecode.swift; path = BottomBar.swift; sourceTree = "<group>"; };
		52A8258123D156CC00AB8CCB /* TabBarHomeView.swift */ = {isa = PBXFileReference; lastKnownFileType = sourcecode.swift; path = TabBarHomeView.swift; sourceTree = "<group>"; };
		52B6C37D23CCB0A5006B5104 /* Keepmate.app */ = {isa = PBXFileReference; explicitFileType = wrapper.application; includeInIndex = 0; path = Keepmate.app; sourceTree = BUILT_PRODUCTS_DIR; };
		52B6C38023CCB0A5006B5104 /* AppDelegate.swift */ = {isa = PBXFileReference; lastKnownFileType = sourcecode.swift; path = AppDelegate.swift; sourceTree = "<group>"; };
		52B6C38223CCB0A5006B5104 /* SceneDelegate.swift */ = {isa = PBXFileReference; lastKnownFileType = sourcecode.swift; path = SceneDelegate.swift; sourceTree = "<group>"; };
		52B6C38423CCB0A5006B5104 /* ContentView.swift */ = {isa = PBXFileReference; lastKnownFileType = sourcecode.swift; path = ContentView.swift; sourceTree = "<group>"; };
		52B6C38623CCB0A7006B5104 /* Assets.xcassets */ = {isa = PBXFileReference; lastKnownFileType = folder.assetcatalog; path = Assets.xcassets; sourceTree = "<group>"; };
		52B6C38C23CCB0A7006B5104 /* Base */ = {isa = PBXFileReference; lastKnownFileType = file.storyboard; name = Base; path = Base.lproj/LaunchScreen.storyboard; sourceTree = "<group>"; };
		52B6C38E23CCB0A7006B5104 /* Info.plist */ = {isa = PBXFileReference; lastKnownFileType = text.plist.xml; path = Info.plist; sourceTree = "<group>"; };
		52B6C39523CCB4C1006B5104 /* LoginView.swift */ = {isa = PBXFileReference; lastKnownFileType = sourcecode.swift; path = LoginView.swift; sourceTree = "<group>"; };
		52B6C39723CDA788006B5104 /* RegisterView.swift */ = {isa = PBXFileReference; lastKnownFileType = sourcecode.swift; path = RegisterView.swift; sourceTree = "<group>"; };
		52E157FB23E6E9C800A35113 /* Constant.swift */ = {isa = PBXFileReference; lastKnownFileType = sourcecode.swift; path = Constant.swift; sourceTree = "<group>"; };
		52E157FD23E6F52500A35113 /* MenuDetails.swift */ = {isa = PBXFileReference; lastKnownFileType = sourcecode.swift; path = MenuDetails.swift; sourceTree = "<group>"; };
		52E38CE023D0730600CA7D56 /* BlurView.swift */ = {isa = PBXFileReference; fileEncoding = 4; lastKnownFileType = sourcecode.swift; path = BlurView.swift; sourceTree = "<group>"; };
		52E38CE223D0A80500CA7D56 /* UpdateListView.swift */ = {isa = PBXFileReference; lastKnownFileType = sourcecode.swift; path = UpdateListView.swift; sourceTree = "<group>"; };
		6CD592B6EC32EAA7DC843147 /* Pods-Keepmate.debug.xcconfig */ = {isa = PBXFileReference; includeInIndex = 1; lastKnownFileType = text.xcconfig; name = "Pods-Keepmate.debug.xcconfig"; path = "Target Support Files/Pods-Keepmate/Pods-Keepmate.debug.xcconfig"; sourceTree = "<group>"; };
		BA2226C55AE9AD5C95A50CA6 /* Pods-Keepmate.release.xcconfig */ = {isa = PBXFileReference; includeInIndex = 1; lastKnownFileType = text.xcconfig; name = "Pods-Keepmate.release.xcconfig"; path = "Target Support Files/Pods-Keepmate/Pods-Keepmate.release.xcconfig"; sourceTree = "<group>"; };
		E8B250FB8F4507C223B3A3E1 /* Pods_Keepmate.framework */ = {isa = PBXFileReference; explicitFileType = wrapper.framework; includeInIndex = 0; path = Pods_Keepmate.framework; sourceTree = BUILT_PRODUCTS_DIR; };
/* End PBXFileReference section */

/* Begin PBXFrameworksBuildPhase section */
		52B6C37A23CCB0A5006B5104 /* Frameworks */ = {
			isa = PBXFrameworksBuildPhase;
			buildActionMask = 2147483647;
			files = (
				487501672B693B41A6DA71AD /* Pods_Keepmate.framework in Frameworks */,
			);
			runOnlyForDeploymentPostprocessing = 0;
		};
/* End PBXFrameworksBuildPhase section */

/* Begin PBXGroup section */
		1872B0F82DEC7A075710719C /* Frameworks */ = {
			isa = PBXGroup;
			children = (
				E8B250FB8F4507C223B3A3E1 /* Pods_Keepmate.framework */,
			);
			name = Frameworks;
			sourceTree = "<group>";
		};
		5259E24C23F3B2C400260694 /* New Group */ = {
			isa = PBXGroup;
			children = (
			);
			path = "New Group";
			sourceTree = "<group>";
		};
		5259E24D23F3B2D300260694 /* Supporting Files */ = {
			isa = PBXGroup;
			children = (
				52B6C38023CCB0A5006B5104 /* AppDelegate.swift */,
				5259E24E23F3B31600260694 /* Keepmate-Bridging-Header.h */,
			);
			path = "Supporting Files";
			sourceTree = "<group>";
		};
		5259E25123F3B3B200260694 /* GuidingViews */ = {
			isa = PBXGroup;
			children = (
				5259E25223F3B3F700260694 /* BWWalkthrough.storyboard */,
			);
			path = GuidingViews;
			sourceTree = "<group>";
		};
		5259E25A23F3B52100260694 /* Utilities */ = {
			isa = PBXGroup;
			children = (
				52E157FB23E6E9C800A35113 /* Constant.swift */,
				5259E25B23F3B82000260694 /* Utilities.swift */,
			);
			path = Utilities;
			sourceTree = "<group>";
		};
		5284B1FF23D03DE800220660 /* Model */ = {
			isa = PBXGroup;
			children = (
				5259E24C23F3B2C400260694 /* New Group */,
			);
			path = Model;
			sourceTree = "<group>";
		};
		52A2548923F4564800652D7C /* BottomBar */ = {
			isa = PBXGroup;
			children = (
				52A2548C23F4565D00652D7C /* BottomBar.swift */,
				52A2548A23F4565D00652D7C /* BottomBarItem.swift */,
				52A2548B23F4565D00652D7C /* BottomBarItemView.swift */,
			);
			path = BottomBar;
			sourceTree = "<group>";
		};
		52B6C37423CCB0A5006B5104 = {
			isa = PBXGroup;
			children = (
				52B6C37F23CCB0A5006B5104 /* Keepmate */,
				52B6C37E23CCB0A5006B5104 /* Products */,
				FF16710B1C914A311E41D57C /* Pods */,
				1872B0F82DEC7A075710719C /* Frameworks */,
			);
			sourceTree = "<group>";
		};
		52B6C37E23CCB0A5006B5104 /* Products */ = {
			isa = PBXGroup;
			children = (
				52B6C37D23CCB0A5006B5104 /* Keepmate.app */,
			);
			name = Products;
			sourceTree = "<group>";
		};
		52B6C37F23CCB0A5006B5104 /* Keepmate */ = {
			isa = PBXGroup;
			children = (
				52FC102B23F46503008A06C1 /* Preview Content */,
				5259E25A23F3B52100260694 /* Utilities */,
				52B6C38E23CCB0A7006B5104 /* Info.plist */,
				5259E24D23F3B2D300260694 /* Supporting Files */,
				5284B1FF23D03DE800220660 /* Model */,
				52B6C39423CCB406006B5104 /* View */,
				52B6C38223CCB0A5006B5104 /* SceneDelegate.swift */,
				52B6C38623CCB0A7006B5104 /* Assets.xcassets */,
				52B6C38B23CCB0A7006B5104 /* LaunchScreen.storyboard */,
			);
			path = Keepmate;
			sourceTree = "<group>";
		};
		52B6C39423CCB406006B5104 /* View */ = {
			isa = PBXGroup;
			children = (
				52A2548923F4564800652D7C /* BottomBar */,
				5259E25123F3B3B200260694 /* GuidingViews */,
				52E38CE023D0730600CA7D56 /* BlurView.swift */,
				523D5F4223E92D81005418D5 /* ProfileView.swift */,
				52B6C38423CCB0A5006B5104 /* ContentView.swift */,
				526090E123CF487D00ED0192 /* HomeView.swift */,
				5284B1FD23D021E000220660 /* HomeListView.swift */,
				52B6C39523CCB4C1006B5104 /* LoginView.swift */,
				52B6C39723CDA788006B5104 /* RegisterView.swift */,
				52E38CE223D0A80500CA7D56 /* UpdateListView.swift */,
				52A8258123D156CC00AB8CCB /* TabBarHomeView.swift */,
				5263E8EF23D1687600866887 /* SettingsView.swift */,
				52E157FD23E6F52500A35113 /* MenuDetails.swift */,
			);
			path = View;
			sourceTree = "<group>";
		};
		52FC102B23F46503008A06C1 /* Preview Content */ = {
			isa = PBXGroup;
			children = (
			);
			path = "Preview Content";
			sourceTree = "<group>";
		};
		FF16710B1C914A311E41D57C /* Pods */ = {
			isa = PBXGroup;
			children = (
				6CD592B6EC32EAA7DC843147 /* Pods-Keepmate.debug.xcconfig */,
				BA2226C55AE9AD5C95A50CA6 /* Pods-Keepmate.release.xcconfig */,
			);
			path = Pods;
			sourceTree = "<group>";
		};
/* End PBXGroup section */

/* Begin PBXNativeTarget section */
		52B6C37C23CCB0A5006B5104 /* Keepmate */ = {
			isa = PBXNativeTarget;
			buildConfigurationList = 52B6C39123CCB0A7006B5104 /* Build configuration list for PBXNativeTarget "Keepmate" */;
			buildPhases = (
				625A01C01B42E7C7ADCCF9B1 /* [CP] Check Pods Manifest.lock */,
				52B6C37923CCB0A5006B5104 /* Sources */,
				52B6C37A23CCB0A5006B5104 /* Frameworks */,
				52B6C37B23CCB0A5006B5104 /* Resources */,
			);
			buildRules = (
			);
			dependencies = (
			);
			name = Keepmate;
			productName = Keepmate;
			productReference = 52B6C37D23CCB0A5006B5104 /* Keepmate.app */;
			productType = "com.apple.product-type.application";
		};
/* End PBXNativeTarget section */

/* Begin PBXProject section */
		52B6C37523CCB0A5006B5104 /* Project object */ = {
			isa = PBXProject;
			attributes = {
				LastSwiftUpdateCheck = 1130;
				LastUpgradeCheck = 1130;
				ORGANIZATIONNAME = "Rodrick Dai";
				TargetAttributes = {
					52B6C37C23CCB0A5006B5104 = {
						CreatedOnToolsVersion = 11.3;
						LastSwiftMigration = 1130;
					};
				};
			};
			buildConfigurationList = 52B6C37823CCB0A5006B5104 /* Build configuration list for PBXProject "Keepmate" */;
			compatibilityVersion = "Xcode 9.3";
			developmentRegion = en;
			hasScannedForEncodings = 0;
			knownRegions = (
				en,
				Base,
			);
			mainGroup = 52B6C37423CCB0A5006B5104;
			productRefGroup = 52B6C37E23CCB0A5006B5104 /* Products */;
			projectDirPath = "";
			projectRoot = "";
			targets = (
				52B6C37C23CCB0A5006B5104 /* Keepmate */,
			);
		};
/* End PBXProject section */

/* Begin PBXResourcesBuildPhase section */
		52B6C37B23CCB0A5006B5104 /* Resources */ = {
			isa = PBXResourcesBuildPhase;
			buildActionMask = 2147483647;
			files = (
				5259E25323F3B3F700260694 /* BWWalkthrough.storyboard in Resources */,
				52B6C38D23CCB0A7006B5104 /* LaunchScreen.storyboard in Resources */,
				52B6C38723CCB0A7006B5104 /* Assets.xcassets in Resources */,
			);
			runOnlyForDeploymentPostprocessing = 0;
		};
/* End PBXResourcesBuildPhase section */

/* Begin PBXShellScriptBuildPhase section */
		625A01C01B42E7C7ADCCF9B1 /* [CP] Check Pods Manifest.lock */ = {
			isa = PBXShellScriptBuildPhase;
			buildActionMask = 2147483647;
			files = (
			);
			inputFileListPaths = (
			);
			inputPaths = (
				"${PODS_PODFILE_DIR_PATH}/Podfile.lock",
				"${PODS_ROOT}/Manifest.lock",
			);
			name = "[CP] Check Pods Manifest.lock";
			outputFileListPaths = (
			);
			outputPaths = (
				"$(DERIVED_FILE_DIR)/Pods-Keepmate-checkManifestLockResult.txt",
			);
			runOnlyForDeploymentPostprocessing = 0;
			shellPath = /bin/sh;
			shellScript = "diff \"${PODS_PODFILE_DIR_PATH}/Podfile.lock\" \"${PODS_ROOT}/Manifest.lock\" > /dev/null\nif [ $? != 0 ] ; then\n    # print error to STDERR\n    echo \"error: The sandbox is not in sync with the Podfile.lock. Run 'pod install' or update your CocoaPods installation.\" >&2\n    exit 1\nfi\n# This output is used by Xcode 'outputs' to avoid re-running this script phase.\necho \"SUCCESS\" > \"${SCRIPT_OUTPUT_FILE_0}\"\n";
			showEnvVarsInLog = 0;
		};
/* End PBXShellScriptBuildPhase section */

/* Begin PBXSourcesBuildPhase section */
		52B6C37923CCB0A5006B5104 /* Sources */ = {
			isa = PBXSourcesBuildPhase;
			buildActionMask = 2147483647;
			files = (
				52B6C38123CCB0A5006B5104 /* AppDelegate.swift in Sources */,
				52E38CE123D0730600CA7D56 /* BlurView.swift in Sources */,
				52A2548F23F4565D00652D7C /* BottomBar.swift in Sources */,
				52E38CE323D0A80500CA7D56 /* UpdateListView.swift in Sources */,
				5259E25C23F3B82000260694 /* Utilities.swift in Sources */,
				5284B1FE23D021E000220660 /* HomeListView.swift in Sources */,
				52A2548E23F4565D00652D7C /* BottomBarItemView.swift in Sources */,
				52B6C39823CDA788006B5104 /* RegisterView.swift in Sources */,
				52E157FE23E6F52500A35113 /* MenuDetails.swift in Sources */,
				52A2548D23F4565D00652D7C /* BottomBarItem.swift in Sources */,
				52B6C38323CCB0A5006B5104 /* SceneDelegate.swift in Sources */,
				526090E223CF487D00ED0192 /* HomeView.swift in Sources */,
				52B6C39623CCB4C1006B5104 /* LoginView.swift in Sources */,
				52A8258223D156CC00AB8CCB /* TabBarHomeView.swift in Sources */,
				52B6C38523CCB0A5006B5104 /* ContentView.swift in Sources */,
				5263E8F023D1687600866887 /* SettingsView.swift in Sources */,
				523D5F4323E92D81005418D5 /* ProfileView.swift in Sources */,
				52E157FC23E6E9C800A35113 /* Constant.swift in Sources */,
			);
			runOnlyForDeploymentPostprocessing = 0;
		};
/* End PBXSourcesBuildPhase section */

/* Begin PBXVariantGroup section */
		52B6C38B23CCB0A7006B5104 /* LaunchScreen.storyboard */ = {
			isa = PBXVariantGroup;
			children = (
				52B6C38C23CCB0A7006B5104 /* Base */,
			);
			name = LaunchScreen.storyboard;
			sourceTree = "<group>";
		};
/* End PBXVariantGroup section */

/* Begin XCBuildConfiguration section */
		52B6C38F23CCB0A7006B5104 /* Debug */ = {
			isa = XCBuildConfiguration;
			buildSettings = {
				ALWAYS_SEARCH_USER_PATHS = NO;
				CLANG_ANALYZER_NONNULL = YES;
				CLANG_ANALYZER_NUMBER_OBJECT_CONVERSION = YES_AGGRESSIVE;
				CLANG_CXX_LANGUAGE_STANDARD = "gnu++14";
				CLANG_CXX_LIBRARY = "libc++";
				CLANG_ENABLE_MODULES = YES;
				CLANG_ENABLE_OBJC_ARC = YES;
				CLANG_ENABLE_OBJC_WEAK = YES;
				CLANG_WARN_BLOCK_CAPTURE_AUTORELEASING = YES;
				CLANG_WARN_BOOL_CONVERSION = YES;
				CLANG_WARN_COMMA = YES;
				CLANG_WARN_CONSTANT_CONVERSION = YES;
				CLANG_WARN_DEPRECATED_OBJC_IMPLEMENTATIONS = YES;
				CLANG_WARN_DIRECT_OBJC_ISA_USAGE = YES_ERROR;
				CLANG_WARN_DOCUMENTATION_COMMENTS = YES;
				CLANG_WARN_EMPTY_BODY = YES;
				CLANG_WARN_ENUM_CONVERSION = YES;
				CLANG_WARN_INFINITE_RECURSION = YES;
				CLANG_WARN_INT_CONVERSION = YES;
				CLANG_WARN_NON_LITERAL_NULL_CONVERSION = YES;
				CLANG_WARN_OBJC_IMPLICIT_RETAIN_SELF = YES;
				CLANG_WARN_OBJC_LITERAL_CONVERSION = YES;
				CLANG_WARN_OBJC_ROOT_CLASS = YES_ERROR;
				CLANG_WARN_RANGE_LOOP_ANALYSIS = YES;
				CLANG_WARN_STRICT_PROTOTYPES = YES;
				CLANG_WARN_SUSPICIOUS_MOVE = YES;
				CLANG_WARN_UNGUARDED_AVAILABILITY = YES_AGGRESSIVE;
				CLANG_WARN_UNREACHABLE_CODE = YES;
				CLANG_WARN__DUPLICATE_METHOD_MATCH = YES;
				COPY_PHASE_STRIP = NO;
				DEBUG_INFORMATION_FORMAT = dwarf;
				ENABLE_STRICT_OBJC_MSGSEND = YES;
				ENABLE_TESTABILITY = YES;
				GCC_C_LANGUAGE_STANDARD = gnu11;
				GCC_DYNAMIC_NO_PIC = NO;
				GCC_NO_COMMON_BLOCKS = YES;
				GCC_OPTIMIZATION_LEVEL = 0;
				GCC_PREPROCESSOR_DEFINITIONS = (
					"DEBUG=1",
					"$(inherited)",
				);
				GCC_WARN_64_TO_32_BIT_CONVERSION = YES;
				GCC_WARN_ABOUT_RETURN_TYPE = YES_ERROR;
				GCC_WARN_UNDECLARED_SELECTOR = YES;
				GCC_WARN_UNINITIALIZED_AUTOS = YES_AGGRESSIVE;
				GCC_WARN_UNUSED_FUNCTION = YES;
				GCC_WARN_UNUSED_VARIABLE = YES;
				IPHONEOS_DEPLOYMENT_TARGET = 13.2;
				MTL_ENABLE_DEBUG_INFO = INCLUDE_SOURCE;
				MTL_FAST_MATH = YES;
				ONLY_ACTIVE_ARCH = YES;
				SDKROOT = iphoneos;
				SWIFT_ACTIVE_COMPILATION_CONDITIONS = DEBUG;
				SWIFT_OPTIMIZATION_LEVEL = "-Onone";
			};
			name = Debug;
		};
		52B6C39023CCB0A7006B5104 /* Release */ = {
			isa = XCBuildConfiguration;
			buildSettings = {
				ALWAYS_SEARCH_USER_PATHS = NO;
				CLANG_ANALYZER_NONNULL = YES;
				CLANG_ANALYZER_NUMBER_OBJECT_CONVERSION = YES_AGGRESSIVE;
				CLANG_CXX_LANGUAGE_STANDARD = "gnu++14";
				CLANG_CXX_LIBRARY = "libc++";
				CLANG_ENABLE_MODULES = YES;
				CLANG_ENABLE_OBJC_ARC = YES;
				CLANG_ENABLE_OBJC_WEAK = YES;
				CLANG_WARN_BLOCK_CAPTURE_AUTORELEASING = YES;
				CLANG_WARN_BOOL_CONVERSION = YES;
				CLANG_WARN_COMMA = YES;
				CLANG_WARN_CONSTANT_CONVERSION = YES;
				CLANG_WARN_DEPRECATED_OBJC_IMPLEMENTATIONS = YES;
				CLANG_WARN_DIRECT_OBJC_ISA_USAGE = YES_ERROR;
				CLANG_WARN_DOCUMENTATION_COMMENTS = YES;
				CLANG_WARN_EMPTY_BODY = YES;
				CLANG_WARN_ENUM_CONVERSION = YES;
				CLANG_WARN_INFINITE_RECURSION = YES;
				CLANG_WARN_INT_CONVERSION = YES;
				CLANG_WARN_NON_LITERAL_NULL_CONVERSION = YES;
				CLANG_WARN_OBJC_IMPLICIT_RETAIN_SELF = YES;
				CLANG_WARN_OBJC_LITERAL_CONVERSION = YES;
				CLANG_WARN_OBJC_ROOT_CLASS = YES_ERROR;
				CLANG_WARN_RANGE_LOOP_ANALYSIS = YES;
				CLANG_WARN_STRICT_PROTOTYPES = YES;
				CLANG_WARN_SUSPICIOUS_MOVE = YES;
				CLANG_WARN_UNGUARDED_AVAILABILITY = YES_AGGRESSIVE;
				CLANG_WARN_UNREACHABLE_CODE = YES;
				CLANG_WARN__DUPLICATE_METHOD_MATCH = YES;
				COPY_PHASE_STRIP = NO;
				DEBUG_INFORMATION_FORMAT = "dwarf-with-dsym";
				ENABLE_NS_ASSERTIONS = NO;
				ENABLE_STRICT_OBJC_MSGSEND = YES;
				GCC_C_LANGUAGE_STANDARD = gnu11;
				GCC_NO_COMMON_BLOCKS = YES;
				GCC_WARN_64_TO_32_BIT_CONVERSION = YES;
				GCC_WARN_ABOUT_RETURN_TYPE = YES_ERROR;
				GCC_WARN_UNDECLARED_SELECTOR = YES;
				GCC_WARN_UNINITIALIZED_AUTOS = YES_AGGRESSIVE;
				GCC_WARN_UNUSED_FUNCTION = YES;
				GCC_WARN_UNUSED_VARIABLE = YES;
				IPHONEOS_DEPLOYMENT_TARGET = 13.2;
				MTL_ENABLE_DEBUG_INFO = NO;
				MTL_FAST_MATH = YES;
				SDKROOT = iphoneos;
				SWIFT_COMPILATION_MODE = wholemodule;
				SWIFT_OPTIMIZATION_LEVEL = "-O";
				VALIDATE_PRODUCT = YES;
			};
			name = Release;
		};
		52B6C39223CCB0A7006B5104 /* Debug */ = {
			isa = XCBuildConfiguration;
			baseConfigurationReference = 6CD592B6EC32EAA7DC843147 /* Pods-Keepmate.debug.xcconfig */;
			buildSettings = {
				ASSETCATALOG_COMPILER_APPICON_NAME = AppIcon;
				CLANG_ENABLE_MODULES = YES;
				CODE_SIGN_STYLE = Automatic;
				DEBUG_INFORMATION_FORMAT = dwarf;
				DEVELOPMENT_ASSET_PATHS = "\"Keepmate/Preview Content\"";
				DEVELOPMENT_TEAM = YZCDVJBQY3;
				ENABLE_PREVIEWS = YES;
				INFOPLIST_FILE = Keepmate/Info.plist;
				LD_RUNPATH_SEARCH_PATHS = (
					"$(inherited)",
					"@executable_path/Frameworks",
				);
				PRODUCT_BUNDLE_IDENTIFIER = Rodrick.Keepmate;
				PRODUCT_NAME = "$(TARGET_NAME)";
				SWIFT_OBJC_BRIDGING_HEADER = "Keepmate/Supporting Files/Keepmate-Bridging-Header.h";
				SWIFT_OPTIMIZATION_LEVEL = "-Onone";
				SWIFT_VERSION = 5.0;
				TARGETED_DEVICE_FAMILY = "1,2";
				USER_HEADER_SEARCH_PATHS = "$(PODS_ROOT)/**";
			};
			name = Debug;
		};
		52B6C39323CCB0A7006B5104 /* Release */ = {
			isa = XCBuildConfiguration;
			baseConfigurationReference = BA2226C55AE9AD5C95A50CA6 /* Pods-Keepmate.release.xcconfig */;
			buildSettings = {
				ASSETCATALOG_COMPILER_APPICON_NAME = AppIcon;
				CLANG_ENABLE_MODULES = YES;
				CODE_SIGN_STYLE = Automatic;
				DEBUG_INFORMATION_FORMAT = dwarf;
				DEVELOPMENT_ASSET_PATHS = "\"Keepmate/Preview Content\"";
				DEVELOPMENT_TEAM = YZCDVJBQY3;
				ENABLE_PREVIEWS = YES;
				INFOPLIST_FILE = Keepmate/Info.plist;
				LD_RUNPATH_SEARCH_PATHS = (
					"$(inherited)",
					"@executable_path/Frameworks",
				);
				PRODUCT_BUNDLE_IDENTIFIER = Rodrick.Keepmate;
				PRODUCT_NAME = "$(TARGET_NAME)";
				SWIFT_OBJC_BRIDGING_HEADER = "Keepmate/Supporting Files/Keepmate-Bridging-Header.h";
				SWIFT_VERSION = 5.0;
				TARGETED_DEVICE_FAMILY = "1,2";
				USER_HEADER_SEARCH_PATHS = "$(PODS_ROOT)/**";
			};
			name = Release;
		};
/* End XCBuildConfiguration section */

/* Begin XCConfigurationList section */
		52B6C37823CCB0A5006B5104 /* Build configuration list for PBXProject "Keepmate" */ = {
			isa = XCConfigurationList;
			buildConfigurations = (
				52B6C38F23CCB0A7006B5104 /* Debug */,
				52B6C39023CCB0A7006B5104 /* Release */,
			);
			defaultConfigurationIsVisible = 0;
			defaultConfigurationName = Release;
		};
		52B6C39123CCB0A7006B5104 /* Build configuration list for PBXNativeTarget "Keepmate" */ = {
			isa = XCConfigurationList;
			buildConfigurations = (
				52B6C39223CCB0A7006B5104 /* Debug */,
				52B6C39323CCB0A7006B5104 /* Release */,
			);
			defaultConfigurationIsVisible = 0;
			defaultConfigurationName = Release;
		};
/* End XCConfigurationList section */
	};
	rootObject = 52B6C37523CCB0A5006B5104 /* Project object */;
}
